
Microsoft Visual Studio Solution File, Format Version 12.00
# Visual Studio 14
VisualStudioVersion = 14.0.25420.1
MinimumVisualStudioVersion = 10.0.40219.1
Project("{FAE04EC0-301F-11D3-BF4B-00C04F79EFBC}") = "HT-BOT-UI", "HT-BOT-UI\HT-BOT-UI.csproj", "{FB6AD9E8-5582-4756-90BF-8E8DDEE512C8}"
EndProject
Project("{FAE04EC0-301F-11D3-BF4B-00C04F79EFBC}") = "InputSimulator", "InputSimulator\InputSimulator.csproj", "{1BDAD4D6-E83C-49D5-A054-6D005F8C41FD}"
EndProject
Project("{FAE04EC0-301F-11D3-BF4B-00C04F79EFBC}") = "HT-BOT-Hooker", "Hooker\HT-BOT-Hooker.csproj", "{33A0B54A-F06A-4C79-98F7-D87AEDFD5C2B}"
EndProject
Project("{FAE04EC0-301F-11D3-BF4B-00C04F79EFBC}") = "HT-BOT-HookRegistry", "HookRegistry\HT-BOT-HookRegistry.csproj", "{2182CF16-EAFC-45FA-B4FB-274D05EB027E}"
EndProject
Project("{FAE04EC0-301F-11D3-BF4B-00C04F79EFBC}") = "HT-BOT-UnitTest", "HT-BOT-UnitTest\HT-BOT-UnitTest.csproj", "{B78E7F4D-3269-4074-ABBE-6B78B6DF57E0}"
EndProject
Project("{FAE04EC0-301F-11D3-BF4B-00C04F79EFBC}") = "HT-BOT-State", "HT-BOT-State\HT-BOT-State.csproj", "{95F3ADD5-6FBC-4422-82AA-8C23C54D30F0}"
EndProject
Global
	GlobalSection(SolutionConfigurationPlatforms) = preSolution
		Debug|Any CPU = Debug|Any CPU
		Release|Any CPU = Release|Any CPU
	EndGlobalSection
	GlobalSection(ProjectConfigurationPlatforms) = postSolution
		{FB6AD9E8-5582-4756-90BF-8E8DDEE512C8}.Debug|Any CPU.ActiveCfg = Debug|Any CPU
		{FB6AD9E8-5582-4756-90BF-8E8DDEE512C8}.Debug|Any CPU.Build.0 = Debug|Any CPU
		{FB6AD9E8-5582-4756-90BF-8E8DDEE512C8}.Release|Any CPU.ActiveCfg = Release|Any CPU
		{FB6AD9E8-5582-4756-90BF-8E8DDEE512C8}.Release|Any CPU.Build.0 = Release|Any CPU
		{1BDAD4D6-E83C-49D5-A054-6D005F8C41FD}.Debug|Any CPU.ActiveCfg = Debug|Any CPU
		{1BDAD4D6-E83C-49D5-A054-6D005F8C41FD}.Debug|Any CPU.Build.0 = Debug|Any CPU
		{1BDAD4D6-E83C-49D5-A054-6D005F8C41FD}.Release|Any CPU.ActiveCfg = Release|Any CPU
		{1BDAD4D6-E83C-49D5-A054-6D005F8C41FD}.Release|Any CPU.Build.0 = Release|Any CPU
		{33A0B54A-F06A-4C79-98F7-D87AEDFD5C2B}.Debug|Any CPU.ActiveCfg = Debug|Any CPU
		{33A0B54A-F06A-4C79-98F7-D87AEDFD5C2B}.Debug|Any CPU.Build.0 = Debug|Any CPU
		{33A0B54A-F06A-4C79-98F7-D87AEDFD5C2B}.Release|Any CPU.ActiveCfg = Release|Any CPU
		{33A0B54A-F06A-4C79-98F7-D87AEDFD5C2B}.Release|Any CPU.Build.0 = Release|Any CPU
		{2182CF16-EAFC-45FA-B4FB-274D05EB027E}.Debug|Any CPU.ActiveCfg = Debug|Any CPU
		{2182CF16-EAFC-45FA-B4FB-274D05EB027E}.Debug|Any CPU.Build.0 = Debug|Any CPU
		{2182CF16-EAFC-45FA-B4FB-274D05EB027E}.Release|Any CPU.ActiveCfg = Release|Any CPU
		{2182CF16-EAFC-45FA-B4FB-274D05EB027E}.Release|Any CPU.Build.0 = Release|Any CPU
		{B78E7F4D-3269-4074-ABBE-6B78B6DF57E0}.Debug|Any CPU.ActiveCfg = Debug|Any CPU
		{B78E7F4D-3269-4074-ABBE-6B78B6DF57E0}.Debug|Any CPU.Build.0 = Debug|Any CPU
		{B78E7F4D-3269-4074-ABBE-6B78B6DF57E0}.Release|Any CPU.ActiveCfg = Release|Any CPU
		{B78E7F4D-3269-4074-ABBE-6B78B6DF57E0}.Release|Any CPU.Build.0 = Release|Any CPU
		{95F3ADD5-6FBC-4422-82AA-8C23C54D30F0}.Debug|Any CPU.ActiveCfg = Debug|Any CPU
		{95F3ADD5-6FBC-4422-82AA-8C23C54D30F0}.Debug|Any CPU.Build.0 = Debug|Any CPU
		{95F3ADD5-6FBC-4422-82AA-8C23C54D30F0}.Release|Any CPU.ActiveCfg = Release|Any CPU
		{95F3ADD5-6FBC-4422-82AA-8C23C54D30F0}.Release|Any CPU.Build.0 = Release|Any CPU
	EndGlobalSection
	GlobalSection(SolutionProperties) = preSolution
		HideSolutionNode = FALSE
	EndGlobalSection
EndGlobal
